Microsoft Visual Studio Solution File, Format Version 12.00
# Visual Studio Version 17
VisualStudioVersion = 17.5.2.0
MinimumVisualStudioVersion = 10.0.40219.1
Project("{FAE04EC0-301F-11D3-BF4B-00C04F79EFBC}") = "SimpleStorageSystem.Daemon", "SimpleStorageSystem.Daemon.csproj", "{677AD71C-CB87-A35F-9B45-F74C85AC4816}"
EndProject
Global
	GlobalSection(SolutionConfigurationPlatforms) = preSolution
		Debug|Any CPU = Debug|Any CPU
		Release|Any CPU = Release|Any CPU
	EndGlobalSection
	GlobalSection(ProjectConfigurationPlatforms) = postSolution
		{677AD71C-CB87-A35F-9B45-F74C85AC4816}.Debug|Any CPU.ActiveCfg = Debug|Any CPU
		{677AD71C-CB87-A35F-9B45-F74C85AC4816}.Debug|Any CPU.Build.0 = Debug|Any CPU
		{677AD71C-CB87-A35F-9B45-F74C85AC4816}.Release|Any CPU.ActiveCfg = Release|Any CPU
		{677AD71C-CB87-A35F-9B45-F74C85AC4816}.Release|Any CPU.Build.0 = Release|Any CPU
	EndGlobalSection
	GlobalSection(SolutionProperties) = preSolution
		HideSolutionNode = FALSE
	EndGlobalSection
	GlobalSection(ExtensibilityGlobals) = postSolution
		SolutionGuid = {C61F4715-383A-45DB-9C26-5A9EB243136B}
	EndGlobalSection
EndGlobal
